
Microsoft Visual Studio Solution File, Format Version 12.00
# Visual Studio Version 17
VisualStudioVersion = 17.10.34818.151
MinimumVisualStudioVersion = 10.0.40219.1
Project("{9A19103F-16F7-4668-BE54-9A1E7A4F7556}") = "RutokenAuthorize", "RutokenAuthorize\RutokenAuthorize.csproj", "{9C94C88B-B4B3-42DD-B559-063564123700}"
EndProject
Global
	GlobalSection(SolutionConfigurationPlatforms) = preSolution
		Debug|Any CPU = Debug|Any CPU
		Release|Any CPU = Release|Any CPU
	EndGlobalSection
	GlobalSection(ProjectConfigurationPlatforms) = postSolution
		{9C94C88B-B4B3-42DD-B559-063564123700}.Debug|Any CPU.ActiveCfg = Debug|Any CPU
		{9C94C88B-B4B3-42DD-B559-063564123700}.Debug|Any CPU.Build.0 = Debug|Any CPU
		{9C94C88B-B4B3-42DD-B559-063564123700}.Release|Any CPU.ActiveCfg = Release|Any CPU
		{9C94C88B-B4B3-42DD-B559-063564123700}.Release|Any CPU.Build.0 = Release|Any CPU
	EndGlobalSection
	GlobalSection(SolutionProperties) = preSolution
		HideSolutionNode = FALSE
	EndGlobalSection
	GlobalSection(ExtensibilityGlobals) = postSolution
		SolutionGuid = {0DE82FAF-712F-4214-B171-D5CFDA4E94A9}
	EndGlobalSection
EndGlobal
